<?xml version="1.0" encoding="UTF-8" standalone="yes" ?>
<CodeBlocks_project_file>
	<FileVersion major="1" minor="6" />
	<Project>
		<Option title="MarioClone" />
		<Option pch_mode="2" />
		<Option compiler="gcc" />
		<Build>
			<Target title="Debug Win32">
				<Option output="../Debug/MarioClone" prefix_auto="1" extension_auto="1" />
				<Option object_output="Debug/" />
				<Option deps_output="../Debug/" />
				<Option type="0" />
				<Option compiler="gcc" />
				<Compiler>
					<Add option="-g" />
					<Add option="-DGLEW_STATIC" />
					<Add option="-Wall" />
					<Add directory="../Mario Clone/src/vendor/OpenGL/" />
					<Add directory="../Mario Clone/src/" />
					<Add directory="../Mario Clone/src/vendor/" />
					<Add directory="../Mario Clone/src/vendor/GLFW/include/" />
					<Add directory="../Mario Clone/src/vendor/glew-2.1.0/include/" />
				</Compiler>
				<Linker>
					<Add library="OpenGL.lib" />
					<Add library="glew32s.lib" />
					<Add library="OpenGL32.lib" />
					<Add library="glfw3.lib" />
					<Add library="kernel32.lib" />
					<Add library="user32.lib" />
					<Add library="gdi32.lib" />
					<Add library="winspool.lib" />
					<Add library="comdlg32.lib" />
					<Add library="advapi32.lib" />
					<Add library="shell32.lib" />
					<Add library="ole32.lib" />
					<Add library="oleaut32.lib" />
					<Add library="uuid.lib" />
					<Add library="odbc32.lib" />
					<Add library="odbccp32.lib" />
					<Add directory="../Mario Clone/src/vendor/OpenGL/lib/" />
					<Add directory="../Mario Clone/src/vendor/GLFW/lib-vc2022/" />
					<Add directory="../Mario Clone/src/vendor/glew-2.1.0/lib/Release/x64/" />
				</Linker>
			</Target>
			<Target title="Debug x64">
				<Option output="../Debug/MarioClone" prefix_auto="1" extension_auto="1" />
				<Option object_output="Debug/" />
				<Option deps_output="../Debug/" />
				<Option type="0" />
				<Option compiler="gcc" />
				<Compiler>
					<Add option="-g" />
					<Add option="-DGLEW_STATIC" />
					<Add option="-Wall" />
					<Add directory="../Mario Clone/src/vendor/OpenGL/" />
					<Add directory="../Mario Clone/src/" />
					<Add directory="../Mario Clone/src/vendor/" />
					<Add directory="../Mario Clone/src/vendor/GLFW/include/" />
					<Add directory="../Mario Clone/src/vendor/glew-2.1.0/include/" />
				</Compiler>
				<Linker>
					<Add library="OpenGL.lib" />
					<Add library="glew32s.lib" />
					<Add library="OpenGL32.lib" />
					<Add library="glfw3.lib" />
					<Add library="kernel32.lib" />
					<Add library="user32.lib" />
					<Add library="gdi32.lib" />
					<Add library="winspool.lib" />
					<Add library="comdlg32.lib" />
					<Add library="advapi32.lib" />
					<Add library="shell32.lib" />
					<Add library="ole32.lib" />
					<Add library="oleaut32.lib" />
					<Add library="uuid.lib" />
					<Add library="odbc32.lib" />
					<Add library="odbccp32.lib" />
					<Add directory="../Mario Clone/src/vendor/OpenGL/lib/" />
					<Add directory="../Mario Clone/src/vendor/GLFW/lib-vc2022/" />
					<Add directory="../Mario Clone/src/vendor/glew-2.1.0/lib/Release/x64/" />
				</Linker>
			</Target>
			<Target title="Release x64">
				<Option output="../Release/MarioClone" prefix_auto="1" extension_auto="1" />
				<Option object_output="Release/" />
				<Option deps_output="../Release/" />
				<Option type="0" />
				<Option compiler="gcc" />
				<Compiler>
					<Add option="-DGLEW_STATIC" />
					<Add option="-Wall" />
					<Add directory="../Mario Clone/src/vendor/OpenGL/" />
					<Add directory="../Mario Clone/src/" />
					<Add directory="../Mario Clone/src/vendor/" />
					<Add directory="../Mario Clone/src/vendor/GLFW/include/" />
					<Add directory="../Mario Clone/src/vendor/glew-2.1.0/include/" />
				</Compiler>
				<Linker>
					<Add library="OpenGL.lib" />
					<Add library="glew32s.lib" />
					<Add library="OpenGL32.lib" />
					<Add library="glfw3.lib" />
					<Add library="kernel32.lib" />
					<Add library="user32.lib" />
					<Add library="gdi32.lib" />
					<Add library="winspool.lib" />
					<Add library="comdlg32.lib" />
					<Add library="advapi32.lib" />
					<Add library="shell32.lib" />
					<Add library="ole32.lib" />
					<Add library="oleaut32.lib" />
					<Add library="uuid.lib" />
					<Add library="odbc32.lib" />
					<Add library="odbccp32.lib" />
					<Add directory="../Mario Clone/src/vendor/OpenGL/lib/" />
					<Add directory="../Mario Clone/src/vendor/GLFW/lib-vc2022/" />
					<Add directory="../Mario Clone/src/vendor/glew-2.1.0/lib/Release/x64/" />
				</Linker>
			</Target>
			<Target title="Release Win32">
				<Option output="../Release/MarioClone" prefix_auto="1" extension_auto="1" />
				<Option object_output="Release/" />
				<Option deps_output="../Release/" />
				<Option type="0" />
				<Option compiler="gcc" />
				<Compiler>
					<Add option="-DGLEW_STATIC" />
					<Add option="-Wall" />
					<Add directory="../Mario Clone/src/vendor/OpenGL/" />
					<Add directory="../Mario Clone/src/" />
					<Add directory="../Mario Clone/src/vendor/" />
					<Add directory="../Mario Clone/src/vendor/GLFW/include/" />
					<Add directory="../Mario Clone/src/vendor/glew-2.1.0/include/" />
				</Compiler>
				<Linker>
					<Add library="OpenGL.lib" />
					<Add library="glew32s.lib" />
					<Add library="OpenGL32.lib" />
					<Add library="glfw3.lib" />
					<Add library="kernel32.lib" />
					<Add library="user32.lib" />
					<Add library="gdi32.lib" />
					<Add library="winspool.lib" />
					<Add library="comdlg32.lib" />
					<Add library="advapi32.lib" />
					<Add library="shell32.lib" />
					<Add library="ole32.lib" />
					<Add library="oleaut32.lib" />
					<Add library="uuid.lib" />
					<Add library="odbc32.lib" />
					<Add library="odbccp32.lib" />
					<Add directory="../Mario Clone/src/vendor/OpenGL/lib/" />
					<Add directory="../Mario Clone/src/vendor/GLFW/lib-vc2022/" />
					<Add directory="../Mario Clone/src/vendor/glew-2.1.0/lib/Release/x64/" />
				</Linker>
			</Target>
		</Build>
		<Unit filename="src/Map.cpp" />
		<Unit filename="src/Map.h" />
		<Unit filename="src/OpenGLInit.cpp" />
		<Unit filename="src/Textures.cpp" />
		<Unit filename="src/Textures.h" />
		<Unit filename="src/vendor/GLFW/include/GLFW/glfw3.h" />
		<Unit filename="src/vendor/GLFW/include/GLFW/glfw3native.h" />
		<Unit filename="src/vendor/OpenGL/IndexBuffer.cpp" />
		<Unit filename="src/vendor/OpenGL/IndexBuffer.h" />
		<Unit filename="src/vendor/OpenGL/Renderer.cpp" />
		<Unit filename="src/vendor/OpenGL/Renderer.h" />
		<Unit filename="src/vendor/OpenGL/Shader.cpp" />
		<Unit filename="src/vendor/OpenGL/Shader.h" />
		<Unit filename="src/vendor/OpenGL/Texture.cpp" />
		<Unit filename="src/vendor/OpenGL/Texture.h" />
		<Unit filename="src/vendor/OpenGL/VertexArray.cpp" />
		<Unit filename="src/vendor/OpenGL/VertexArray.h" />
		<Unit filename="src/vendor/OpenGL/VertexBuffer.cpp" />
		<Unit filename="src/vendor/OpenGL/VertexBuffer.h" />
		<Unit filename="src/vendor/OpenGL/VertexBufferLayout.h" />
		<Unit filename="src/vendor/glew-2.1.0/doc/advanced.html" />
		<Unit filename="src/vendor/glew-2.1.0/doc/basic.html" />
		<Unit filename="src/vendor/glew-2.1.0/doc/build.html" />
		<Unit filename="src/vendor/glew-2.1.0/doc/credits.html" />
		<Unit filename="src/vendor/glew-2.1.0/doc/glew.html" />
		<Unit filename="src/vendor/glew-2.1.0/doc/glxew.html" />
		<Unit filename="src/vendor/glew-2.1.0/doc/index.html" />
		<Unit filename="src/vendor/glew-2.1.0/doc/install.html" />
		<Unit filename="src/vendor/glew-2.1.0/doc/log.html" />
		<Unit filename="src/vendor/glew-2.1.0/doc/wglew.html" />
		<Unit filename="src/vendor/glew-2.1.0/include/GL/eglew.h" />
		<Unit filename="src/vendor/glew-2.1.0/include/GL/glew.h" />
		<Unit filename="src/vendor/glew-2.1.0/include/GL/glxew.h" />
		<Unit filename="src/vendor/glew-2.1.0/include/GL/wglew.h" />
		<Unit filename="src/vendor/glm/common.hpp" />
		<Unit filename="src/vendor/glm/detail/_features.hpp" />
		<Unit filename="src/vendor/glm/detail/_fixes.hpp" />
		<Unit filename="src/vendor/glm/detail/_noise.hpp" />
		<Unit filename="src/vendor/glm/detail/_swizzle.hpp" />
		<Unit filename="src/vendor/glm/detail/_swizzle_func.hpp" />
		<Unit filename="src/vendor/glm/detail/_vectorize.hpp" />
		<Unit filename="src/vendor/glm/detail/compute_common.hpp" />
		<Unit filename="src/vendor/glm/detail/compute_vector_relational.hpp" />
		<Unit filename="src/vendor/glm/detail/func_common.inl" />
		<Unit filename="src/vendor/glm/detail/func_common_simd.inl" />
		<Unit filename="src/vendor/glm/detail/func_exponential.inl" />
		<Unit filename="src/vendor/glm/detail/func_exponential_simd.inl" />
		<Unit filename="src/vendor/glm/detail/func_geometric.inl" />
		<Unit filename="src/vendor/glm/detail/func_geometric_simd.inl" />
		<Unit filename="src/vendor/glm/detail/func_integer.inl" />
		<Unit filename="src/vendor/glm/detail/func_integer_simd.inl" />
		<Unit filename="src/vendor/glm/detail/func_matrix.inl" />
		<Unit filename="src/vendor/glm/detail/func_matrix_simd.inl" />
		<Unit filename="src/vendor/glm/detail/func_packing.inl" />
		<Unit filename="src/vendor/glm/detail/func_packing_simd.inl" />
		<Unit filename="src/vendor/glm/detail/func_trigonometric.inl" />
		<Unit filename="src/vendor/glm/detail/func_trigonometric_simd.inl" />
		<Unit filename="src/vendor/glm/detail/func_vector_relational.inl" />
		<Unit filename="src/vendor/glm/detail/func_vector_relational_simd.inl" />
		<Unit filename="src/vendor/glm/detail/glm.cpp" />
		<Unit filename="src/vendor/glm/detail/qualifier.hpp" />
		<Unit filename="src/vendor/glm/detail/setup.hpp" />
		<Unit filename="src/vendor/glm/detail/type_float.hpp" />
		<Unit filename="src/vendor/glm/detail/type_half.hpp" />
		<Unit filename="src/vendor/glm/detail/type_half.inl" />
		<Unit filename="src/vendor/glm/detail/type_mat2x2.hpp" />
		<Unit filename="src/vendor/glm/detail/type_mat2x2.inl" />
		<Unit filename="src/vendor/glm/detail/type_mat2x3.hpp" />
		<Unit filename="src/vendor/glm/detail/type_mat2x3.inl" />
		<Unit filename="src/vendor/glm/detail/type_mat2x4.hpp" />
		<Unit filename="src/vendor/glm/detail/type_mat2x4.inl" />
		<Unit filename="src/vendor/glm/detail/type_mat3x2.hpp" />
		<Unit filename="src/vendor/glm/detail/type_mat3x2.inl" />
		<Unit filename="src/vendor/glm/detail/type_mat3x3.hpp" />
		<Unit filename="src/vendor/glm/detail/type_mat3x3.inl" />
		<Unit filename="src/vendor/glm/detail/type_mat3x4.hpp" />
		<Unit filename="src/vendor/glm/detail/type_mat3x4.inl" />
		<Unit filename="src/vendor/glm/detail/type_mat4x2.hpp" />
		<Unit filename="src/vendor/glm/detail/type_mat4x2.inl" />
		<Unit filename="src/vendor/glm/detail/type_mat4x3.hpp" />
		<Unit filename="src/vendor/glm/detail/type_mat4x3.inl" />
		<Unit filename="src/vendor/glm/detail/type_mat4x4.hpp" />
		<Unit filename="src/vendor/glm/detail/type_mat4x4.inl" />
		<Unit filename="src/vendor/glm/detail/type_mat4x4_simd.inl" />
		<Unit filename="src/vendor/glm/detail/type_quat.hpp" />
		<Unit filename="src/vendor/glm/detail/type_quat.inl" />
		<Unit filename="src/vendor/glm/detail/type_quat_simd.inl" />
		<Unit filename="src/vendor/glm/detail/type_vec1.hpp" />
		<Unit filename="src/vendor/glm/detail/type_vec1.inl" />
		<Unit filename="src/vendor/glm/detail/type_vec2.hpp" />
		<Unit filename="src/vendor/glm/detail/type_vec2.inl" />
		<Unit filename="src/vendor/glm/detail/type_vec3.hpp" />
		<Unit filename="src/vendor/glm/detail/type_vec3.inl" />
		<Unit filename="src/vendor/glm/detail/type_vec4.hpp" />
		<Unit filename="src/vendor/glm/detail/type_vec4.inl" />
		<Unit filename="src/vendor/glm/detail/type_vec4_simd.inl" />
		<Unit filename="src/vendor/glm/exponential.hpp" />
		<Unit filename="src/vendor/glm/ext.hpp" />
		<Unit filename="src/vendor/glm/ext/matrix_clip_space.hpp" />
		<Unit filename="src/vendor/glm/ext/matrix_clip_space.inl" />
		<Unit filename="src/vendor/glm/ext/matrix_common.hpp" />
		<Unit filename="src/vendor/glm/ext/matrix_common.inl" />
		<Unit filename="src/vendor/glm/ext/matrix_double2x2.hpp" />
		<Unit filename="src/vendor/glm/ext/matrix_double2x2_precision.hpp" />
		<Unit filename="src/vendor/glm/ext/matrix_double2x3.hpp" />
		<Unit filename="src/vendor/glm/ext/matrix_double2x3_precision.hpp" />
		<Unit filename="src/vendor/glm/ext/matrix_double2x4.hpp" />
		<Unit filename="src/vendor/glm/ext/matrix_double2x4_precision.hpp" />
		<Unit filename="src/vendor/glm/ext/matrix_double3x2.hpp" />
		<Unit filename="src/vendor/glm/ext/matrix_double3x2_precision.hpp" />
		<Unit filename="src/vendor/glm/ext/matrix_double3x3.hpp" />
		<Unit filename="src/vendor/glm/ext/matrix_double3x3_precision.hpp" />
		<Unit filename="src/vendor/glm/ext/matrix_double3x4.hpp" />
		<Unit filename="src/vendor/glm/ext/matrix_double3x4_precision.hpp" />
		<Unit filename="src/vendor/glm/ext/matrix_double4x2.hpp" />
		<Unit filename="src/vendor/glm/ext/matrix_double4x2_precision.hpp" />
		<Unit filename="src/vendor/glm/ext/matrix_double4x3.hpp" />
		<Unit filename="src/vendor/glm/ext/matrix_double4x3_precision.hpp" />
		<Unit filename="src/vendor/glm/ext/matrix_double4x4.hpp" />
		<Unit filename="src/vendor/glm/ext/matrix_double4x4_precision.hpp" />
		<Unit filename="src/vendor/glm/ext/matrix_float2x2.hpp" />
		<Unit filename="src/vendor/glm/ext/matrix_float2x2_precision.hpp" />
		<Unit filename="src/vendor/glm/ext/matrix_float2x3.hpp" />
		<Unit filename="src/vendor/glm/ext/matrix_float2x3_precision.hpp" />
		<Unit filename="src/vendor/glm/ext/matrix_float2x4.hpp" />
		<Unit filename="src/vendor/glm/ext/matrix_float2x4_precision.hpp" />
		<Unit filename="src/vendor/glm/ext/matrix_float3x2.hpp" />
		<Unit filename="src/vendor/glm/ext/matrix_float3x2_precision.hpp" />
		<Unit filename="src/vendor/glm/ext/matrix_float3x3.hpp" />
		<Unit filename="src/vendor/glm/ext/matrix_float3x3_precision.hpp" />
		<Unit filename="src/vendor/glm/ext/matrix_float3x4.hpp" />
		<Unit filename="src/vendor/glm/ext/matrix_float3x4_precision.hpp" />
		<Unit filename="src/vendor/glm/ext/matrix_float4x2.hpp" />
		<Unit filename="src/vendor/glm/ext/matrix_float4x2_precision.hpp" />
		<Unit filename="src/vendor/glm/ext/matrix_float4x3.hpp" />
		<Unit filename="src/vendor/glm/ext/matrix_float4x3_precision.hpp" />
		<Unit filename="src/vendor/glm/ext/matrix_float4x4.hpp" />
		<Unit filename="src/vendor/glm/ext/matrix_float4x4_precision.hpp" />
		<Unit filename="src/vendor/glm/ext/matrix_int2x2.hpp" />
		<Unit filename="src/vendor/glm/ext/matrix_int2x2_sized.hpp" />
		<Unit filename="src/vendor/glm/ext/matrix_int2x3.hpp" />
		<Unit filename="src/vendor/glm/ext/matrix_int2x3_sized.hpp" />
		<Unit filename="src/vendor/glm/ext/matrix_int2x4.hpp" />
		<Unit filename="src/vendor/glm/ext/matrix_int2x4_sized.hpp" />
		<Unit filename="src/vendor/glm/ext/matrix_int3x2.hpp" />
		<Unit filename="src/vendor/glm/ext/matrix_int3x2_sized.hpp" />
		<Unit filename="src/vendor/glm/ext/matrix_int3x3.hpp" />
		<Unit filename="src/vendor/glm/ext/matrix_int3x3_sized.hpp" />
		<Unit filename="src/vendor/glm/ext/matrix_int3x4.hpp" />
		<Unit filename="src/vendor/glm/ext/matrix_int3x4_sized.hpp" />
		<Unit filename="src/vendor/glm/ext/matrix_int4x2.hpp" />
		<Unit filename="src/vendor/glm/ext/matrix_int4x2_sized.hpp" />
		<Unit filename="src/vendor/glm/ext/matrix_int4x3.hpp" />
		<Unit filename="src/vendor/glm/ext/matrix_int4x3_sized.hpp" />
		<Unit filename="src/vendor/glm/ext/matrix_int4x4.hpp" />
		<Unit filename="src/vendor/glm/ext/matrix_int4x4_sized.hpp" />
		<Unit filename="src/vendor/glm/ext/matrix_projection.hpp" />
		<Unit filename="src/vendor/glm/ext/matrix_projection.inl" />
		<Unit filename="src/vendor/glm/ext/matrix_relational.hpp" />
		<Unit filename="src/vendor/glm/ext/matrix_relational.inl" />
		<Unit filename="src/vendor/glm/ext/matrix_transform.hpp" />
		<Unit filename="src/vendor/glm/ext/matrix_transform.inl" />
		<Unit filename="src/vendor/glm/ext/matrix_uint2x2.hpp" />
		<Unit filename="src/vendor/glm/ext/matrix_uint2x2_sized.hpp" />
		<Unit filename="src/vendor/glm/ext/matrix_uint2x3.hpp" />
		<Unit filename="src/vendor/glm/ext/matrix_uint2x3_sized.hpp" />
		<Unit filename="src/vendor/glm/ext/matrix_uint2x4.hpp" />
		<Unit filename="src/vendor/glm/ext/matrix_uint2x4_sized.hpp" />
		<Unit filename="src/vendor/glm/ext/matrix_uint3x2.hpp" />
		<Unit filename="src/vendor/glm/ext/matrix_uint3x2_sized.hpp" />
		<Unit filename="src/vendor/glm/ext/matrix_uint3x3.hpp" />
		<Unit filename="src/vendor/glm/ext/matrix_uint3x3_sized.hpp" />
		<Unit filename="src/vendor/glm/ext/matrix_uint3x4.hpp" />
		<Unit filename="src/vendor/glm/ext/matrix_uint3x4_sized.hpp" />
		<Unit filename="src/vendor/glm/ext/matrix_uint4x2.hpp" />
		<Unit filename="src/vendor/glm/ext/matrix_uint4x2_sized.hpp" />
		<Unit filename="src/vendor/glm/ext/matrix_uint4x3.hpp" />
		<Unit filename="src/vendor/glm/ext/matrix_uint4x3_sized.hpp" />
		<Unit filename="src/vendor/glm/ext/matrix_uint4x4.hpp" />
		<Unit filename="src/vendor/glm/ext/matrix_uint4x4_sized.hpp" />
		<Unit filename="src/vendor/glm/ext/quaternion_common.hpp" />
		<Unit filename="src/vendor/glm/ext/quaternion_common.inl" />
		<Unit filename="src/vendor/glm/ext/quaternion_common_simd.inl" />
		<Unit filename="src/vendor/glm/ext/quaternion_double.hpp" />
		<Unit filename="src/vendor/glm/ext/quaternion_double_precision.hpp" />
		<Unit filename="src/vendor/glm/ext/quaternion_exponential.hpp" />
		<Unit filename="src/vendor/glm/ext/quaternion_exponential.inl" />
		<Unit filename="src/vendor/glm/ext/quaternion_float.hpp" />
		<Unit filename="src/vendor/glm/ext/quaternion_float_precision.hpp" />
		<Unit filename="src/vendor/glm/ext/quaternion_geometric.hpp" />
		<Unit filename="src/vendor/glm/ext/quaternion_geometric.inl" />
		<Unit filename="src/vendor/glm/ext/quaternion_relational.hpp" />
		<Unit filename="src/vendor/glm/ext/quaternion_relational.inl" />
		<Unit filename="src/vendor/glm/ext/quaternion_transform.hpp" />
		<Unit filename="src/vendor/glm/ext/quaternion_transform.inl" />
		<Unit filename="src/vendor/glm/ext/quaternion_trigonometric.hpp" />
		<Unit filename="src/vendor/glm/ext/quaternion_trigonometric.inl" />
		<Unit filename="src/vendor/glm/ext/scalar_common.hpp" />
		<Unit filename="src/vendor/glm/ext/scalar_common.inl" />
		<Unit filename="src/vendor/glm/ext/scalar_constants.hpp" />
		<Unit filename="src/vendor/glm/ext/scalar_constants.inl" />
		<Unit filename="src/vendor/glm/ext/scalar_int_sized.hpp" />
		<Unit filename="src/vendor/glm/ext/scalar_integer.hpp" />
		<Unit filename="src/vendor/glm/ext/scalar_integer.inl" />
		<Unit filename="src/vendor/glm/ext/scalar_packing.hpp" />
		<Unit filename="src/vendor/glm/ext/scalar_packing.inl" />
		<Unit filename="src/vendor/glm/ext/scalar_relational.hpp" />
		<Unit filename="src/vendor/glm/ext/scalar_relational.inl" />
		<Unit filename="src/vendor/glm/ext/scalar_uint_sized.hpp" />
		<Unit filename="src/vendor/glm/ext/scalar_ulp.hpp" />
		<Unit filename="src/vendor/glm/ext/scalar_ulp.inl" />
		<Unit filename="src/vendor/glm/ext/vector_bool1.hpp" />
		<Unit filename="src/vendor/glm/ext/vector_bool1_precision.hpp" />
		<Unit filename="src/vendor/glm/ext/vector_bool2.hpp" />
		<Unit filename="src/vendor/glm/ext/vector_bool2_precision.hpp" />
		<Unit filename="src/vendor/glm/ext/vector_bool3.hpp" />
		<Unit filename="src/vendor/glm/ext/vector_bool3_precision.hpp" />
		<Unit filename="src/vendor/glm/ext/vector_bool4.hpp" />
		<Unit filename="src/vendor/glm/ext/vector_bool4_precision.hpp" />
		<Unit filename="src/vendor/glm/ext/vector_common.hpp" />
		<Unit filename="src/vendor/glm/ext/vector_common.inl" />
		<Unit filename="src/vendor/glm/ext/vector_double1.hpp" />
		<Unit filename="src/vendor/glm/ext/vector_double1_precision.hpp" />
		<Unit filename="src/vendor/glm/ext/vector_double2.hpp" />
		<Unit filename="src/vendor/glm/ext/vector_double2_precision.hpp" />
		<Unit filename="src/vendor/glm/ext/vector_double3.hpp" />
		<Unit filename="src/vendor/glm/ext/vector_double3_precision.hpp" />
		<Unit filename="src/vendor/glm/ext/vector_double4.hpp" />
		<Unit filename="src/vendor/glm/ext/vector_double4_precision.hpp" />
		<Unit filename="src/vendor/glm/ext/vector_float1.hpp" />
		<Unit filename="src/vendor/glm/ext/vector_float1_precision.hpp" />
		<Unit filename="src/vendor/glm/ext/vector_float2.hpp" />
		<Unit filename="src/vendor/glm/ext/vector_float2_precision.hpp" />
		<Unit filename="src/vendor/glm/ext/vector_float3.hpp" />
		<Unit filename="src/vendor/glm/ext/vector_float3_precision.hpp" />
		<Unit filename="src/vendor/glm/ext/vector_float4.hpp" />
		<Unit filename="src/vendor/glm/ext/vector_float4_precision.hpp" />
		<Unit filename="src/vendor/glm/ext/vector_int1.hpp" />
		<Unit filename="src/vendor/glm/ext/vector_int1_sized.hpp" />
		<Unit filename="src/vendor/glm/ext/vector_int2.hpp" />
		<Unit filename="src/vendor/glm/ext/vector_int2_sized.hpp" />
		<Unit filename="src/vendor/glm/ext/vector_int3.hpp" />
		<Unit filename="src/vendor/glm/ext/vector_int3_sized.hpp" />
		<Unit filename="src/vendor/glm/ext/vector_int4.hpp" />
		<Unit filename="src/vendor/glm/ext/vector_int4_sized.hpp" />
		<Unit filename="src/vendor/glm/ext/vector_integer.hpp" />
		<Unit filename="src/vendor/glm/ext/vector_integer.inl" />
		<Unit filename="src/vendor/glm/ext/vector_packing.hpp" />
		<Unit filename="src/vendor/glm/ext/vector_packing.inl" />
		<Unit filename="src/vendor/glm/ext/vector_relational.hpp" />
		<Unit filename="src/vendor/glm/ext/vector_relational.inl" />
		<Unit filename="src/vendor/glm/ext/vector_uint1.hpp" />
		<Unit filename="src/vendor/glm/ext/vector_uint1_sized.hpp" />
		<Unit filename="src/vendor/glm/ext/vector_uint2.hpp" />
		<Unit filename="src/vendor/glm/ext/vector_uint2_sized.hpp" />
		<Unit filename="src/vendor/glm/ext/vector_uint3.hpp" />
		<Unit filename="src/vendor/glm/ext/vector_uint3_sized.hpp" />
		<Unit filename="src/vendor/glm/ext/vector_uint4.hpp" />
		<Unit filename="src/vendor/glm/ext/vector_uint4_sized.hpp" />
		<Unit filename="src/vendor/glm/ext/vector_ulp.hpp" />
		<Unit filename="src/vendor/glm/ext/vector_ulp.inl" />
		<Unit filename="src/vendor/glm/fwd.hpp" />
		<Unit filename="src/vendor/glm/geometric.hpp" />
		<Unit filename="src/vendor/glm/glm.hpp" />
		<Unit filename="src/vendor/glm/gtc/bitfield.hpp" />
		<Unit filename="src/vendor/glm/gtc/bitfield.inl" />
		<Unit filename="src/vendor/glm/gtc/color_space.hpp" />
		<Unit filename="src/vendor/glm/gtc/color_space.inl" />
		<Unit filename="src/vendor/glm/gtc/constants.hpp" />
		<Unit filename="src/vendor/glm/gtc/constants.inl" />
		<Unit filename="src/vendor/glm/gtc/epsilon.hpp" />
		<Unit filename="src/vendor/glm/gtc/epsilon.inl" />
		<Unit filename="src/vendor/glm/gtc/integer.hpp" />
		<Unit filename="src/vendor/glm/gtc/integer.inl" />
		<Unit filename="src/vendor/glm/gtc/matrix_access.hpp" />
		<Unit filename="src/vendor/glm/gtc/matrix_access.inl" />
		<Unit filename="src/vendor/glm/gtc/matrix_integer.hpp" />
		<Unit filename="src/vendor/glm/gtc/matrix_inverse.hpp" />
		<Unit filename="src/vendor/glm/gtc/matrix_inverse.inl" />
		<Unit filename="src/vendor/glm/gtc/matrix_transform.hpp" />
		<Unit filename="src/vendor/glm/gtc/matrix_transform.inl" />
		<Unit filename="src/vendor/glm/gtc/noise.hpp" />
		<Unit filename="src/vendor/glm/gtc/noise.inl" />
		<Unit filename="src/vendor/glm/gtc/packing.hpp" />
		<Unit filename="src/vendor/glm/gtc/packing.inl" />
		<Unit filename="src/vendor/glm/gtc/quaternion.hpp" />
		<Unit filename="src/vendor/glm/gtc/quaternion.inl" />
		<Unit filename="src/vendor/glm/gtc/quaternion_simd.inl" />
		<Unit filename="src/vendor/glm/gtc/random.hpp" />
		<Unit filename="src/vendor/glm/gtc/random.inl" />
		<Unit filename="src/vendor/glm/gtc/reciprocal.hpp" />
		<Unit filename="src/vendor/glm/gtc/reciprocal.inl" />
		<Unit filename="src/vendor/glm/gtc/round.hpp" />
		<Unit filename="src/vendor/glm/gtc/round.inl" />
		<Unit filename="src/vendor/glm/gtc/type_aligned.hpp" />
		<Unit filename="src/vendor/glm/gtc/type_precision.hpp" />
		<Unit filename="src/vendor/glm/gtc/type_precision.inl" />
		<Unit filename="src/vendor/glm/gtc/type_ptr.hpp" />
		<Unit filename="src/vendor/glm/gtc/type_ptr.inl" />
		<Unit filename="src/vendor/glm/gtc/ulp.hpp" />
		<Unit filename="src/vendor/glm/gtc/ulp.inl" />
		<Unit filename="src/vendor/glm/gtc/vec1.hpp" />
		<Unit filename="src/vendor/glm/gtx/associated_min_max.hpp" />
		<Unit filename="src/vendor/glm/gtx/associated_min_max.inl" />
		<Unit filename="src/vendor/glm/gtx/bit.hpp" />
		<Unit filename="src/vendor/glm/gtx/bit.inl" />
		<Unit filename="src/vendor/glm/gtx/closest_point.hpp" />
		<Unit filename="src/vendor/glm/gtx/closest_point.inl" />
		<Unit filename="src/vendor/glm/gtx/color_encoding.hpp" />
		<Unit filename="src/vendor/glm/gtx/color_encoding.inl" />
		<Unit filename="src/vendor/glm/gtx/color_space.hpp" />
		<Unit filename="src/vendor/glm/gtx/color_space.inl" />
		<Unit filename="src/vendor/glm/gtx/color_space_YCoCg.hpp" />
		<Unit filename="src/vendor/glm/gtx/color_space_YCoCg.inl" />
		<Unit filename="src/vendor/glm/gtx/common.hpp" />
		<Unit filename="src/vendor/glm/gtx/common.inl" />
		<Unit filename="src/vendor/glm/gtx/compatibility.hpp" />
		<Unit filename="src/vendor/glm/gtx/compatibility.inl" />
		<Unit filename="src/vendor/glm/gtx/component_wise.hpp" />
		<Unit filename="src/vendor/glm/gtx/component_wise.inl" />
		<Unit filename="src/vendor/glm/gtx/dual_quaternion.hpp" />
		<Unit filename="src/vendor/glm/gtx/dual_quaternion.inl" />
		<Unit filename="src/vendor/glm/gtx/easing.hpp" />
		<Unit filename="src/vendor/glm/gtx/easing.inl" />
		<Unit filename="src/vendor/glm/gtx/euler_angles.hpp" />
		<Unit filename="src/vendor/glm/gtx/euler_angles.inl" />
		<Unit filename="src/vendor/glm/gtx/extend.hpp" />
		<Unit filename="src/vendor/glm/gtx/extend.inl" />
		<Unit filename="src/vendor/glm/gtx/extended_min_max.hpp" />
		<Unit filename="src/vendor/glm/gtx/extended_min_max.inl" />
		<Unit filename="src/vendor/glm/gtx/exterior_product.hpp" />
		<Unit filename="src/vendor/glm/gtx/exterior_product.inl" />
		<Unit filename="src/vendor/glm/gtx/fast_exponential.hpp" />
		<Unit filename="src/vendor/glm/gtx/fast_exponential.inl" />
		<Unit filename="src/vendor/glm/gtx/fast_square_root.hpp" />
		<Unit filename="src/vendor/glm/gtx/fast_square_root.inl" />
		<Unit filename="src/vendor/glm/gtx/fast_trigonometry.hpp" />
		<Unit filename="src/vendor/glm/gtx/fast_trigonometry.inl" />
		<Unit filename="src/vendor/glm/gtx/float_notmalize.inl" />
		<Unit filename="src/vendor/glm/gtx/functions.hpp" />
		<Unit filename="src/vendor/glm/gtx/functions.inl" />
		<Unit filename="src/vendor/glm/gtx/gradient_paint.hpp" />
		<Unit filename="src/vendor/glm/gtx/gradient_paint.inl" />
		<Unit filename="src/vendor/glm/gtx/handed_coordinate_space.hpp" />
		<Unit filename="src/vendor/glm/gtx/handed_coordinate_space.inl" />
		<Unit filename="src/vendor/glm/gtx/hash.hpp" />
		<Unit filename="src/vendor/glm/gtx/hash.inl" />
		<Unit filename="src/vendor/glm/gtx/integer.hpp" />
		<Unit filename="src/vendor/glm/gtx/integer.inl" />
		<Unit filename="src/vendor/glm/gtx/intersect.hpp" />
		<Unit filename="src/vendor/glm/gtx/intersect.inl" />
		<Unit filename="src/vendor/glm/gtx/io.hpp" />
		<Unit filename="src/vendor/glm/gtx/io.inl" />
		<Unit filename="src/vendor/glm/gtx/log_base.hpp" />
		<Unit filename="src/vendor/glm/gtx/log_base.inl" />
		<Unit filename="src/vendor/glm/gtx/matrix_cross_product.hpp" />
		<Unit filename="src/vendor/glm/gtx/matrix_cross_product.inl" />
		<Unit filename="src/vendor/glm/gtx/matrix_decompose.hpp" />
		<Unit filename="src/vendor/glm/gtx/matrix_decompose.inl" />
		<Unit filename="src/vendor/glm/gtx/matrix_factorisation.hpp" />
		<Unit filename="src/vendor/glm/gtx/matrix_factorisation.inl" />
		<Unit filename="src/vendor/glm/gtx/matrix_interpolation.hpp" />
		<Unit filename="src/vendor/glm/gtx/matrix_interpolation.inl" />
		<Unit filename="src/vendor/glm/gtx/matrix_major_storage.hpp" />
		<Unit filename="src/vendor/glm/gtx/matrix_major_storage.inl" />
		<Unit filename="src/vendor/glm/gtx/matrix_operation.hpp" />
		<Unit filename="src/vendor/glm/gtx/matrix_operation.inl" />
		<Unit filename="src/vendor/glm/gtx/matrix_query.hpp" />
		<Unit filename="src/vendor/glm/gtx/matrix_query.inl" />
		<Unit filename="src/vendor/glm/gtx/matrix_transform_2d.hpp" />
		<Unit filename="src/vendor/glm/gtx/matrix_transform_2d.inl" />
		<Unit filename="src/vendor/glm/gtx/mixed_product.hpp" />
		<Unit filename="src/vendor/glm/gtx/mixed_product.inl" />
		<Unit filename="src/vendor/glm/gtx/norm.hpp" />
		<Unit filename="src/vendor/glm/gtx/norm.inl" />
		<Unit filename="src/vendor/glm/gtx/normal.hpp" />
		<Unit filename="src/vendor/glm/gtx/normal.inl" />
		<Unit filename="src/vendor/glm/gtx/normalize_dot.hpp" />
		<Unit filename="src/vendor/glm/gtx/normalize_dot.inl" />
		<Unit filename="src/vendor/glm/gtx/number_precision.hpp" />
		<Unit filename="src/vendor/glm/gtx/number_precision.inl" />
		<Unit filename="src/vendor/glm/gtx/optimum_pow.hpp" />
		<Unit filename="src/vendor/glm/gtx/optimum_pow.inl" />
		<Unit filename="src/vendor/glm/gtx/orthonormalize.hpp" />
		<Unit filename="src/vendor/glm/gtx/orthonormalize.inl" />
		<Unit filename="src/vendor/glm/gtx/perpendicular.hpp" />
		<Unit filename="src/vendor/glm/gtx/perpendicular.inl" />
		<Unit filename="src/vendor/glm/gtx/polar_coordinates.hpp" />
		<Unit filename="src/vendor/glm/gtx/polar_coordinates.inl" />
		<Unit filename="src/vendor/glm/gtx/projection.hpp" />
		<Unit filename="src/vendor/glm/gtx/projection.inl" />
		<Unit filename="src/vendor/glm/gtx/quaternion.hpp" />
		<Unit filename="src/vendor/glm/gtx/quaternion.inl" />
		<Unit filename="src/vendor/glm/gtx/range.hpp" />
		<Unit filename="src/vendor/glm/gtx/raw_data.hpp" />
		<Unit filename="src/vendor/glm/gtx/raw_data.inl" />
		<Unit filename="src/vendor/glm/gtx/rotate_normalized_axis.hpp" />
		<Unit filename="src/vendor/glm/gtx/rotate_normalized_axis.inl" />
		<Unit filename="src/vendor/glm/gtx/rotate_vector.hpp" />
		<Unit filename="src/vendor/glm/gtx/rotate_vector.inl" />
		<Unit filename="src/vendor/glm/gtx/scalar_multiplication.hpp" />
		<Unit filename="src/vendor/glm/gtx/scalar_relational.hpp" />
		<Unit filename="src/vendor/glm/gtx/scalar_relational.inl" />
		<Unit filename="src/vendor/glm/gtx/spline.hpp" />
		<Unit filename="src/vendor/glm/gtx/spline.inl" />
		<Unit filename="src/vendor/glm/gtx/std_based_type.hpp" />
		<Unit filename="src/vendor/glm/gtx/std_based_type.inl" />
		<Unit filename="src/vendor/glm/gtx/string_cast.hpp" />
		<Unit filename="src/vendor/glm/gtx/string_cast.inl" />
		<Unit filename="src/vendor/glm/gtx/texture.hpp" />
		<Unit filename="src/vendor/glm/gtx/texture.inl" />
		<Unit filename="src/vendor/glm/gtx/transform.hpp" />
		<Unit filename="src/vendor/glm/gtx/transform.inl" />
		<Unit filename="src/vendor/glm/gtx/transform2.hpp" />
		<Unit filename="src/vendor/glm/gtx/transform2.inl" />
		<Unit filename="src/vendor/glm/gtx/type_aligned.hpp" />
		<Unit filename="src/vendor/glm/gtx/type_aligned.inl" />
		<Unit filename="src/vendor/glm/gtx/type_trait.hpp" />
		<Unit filename="src/vendor/glm/gtx/type_trait.inl" />
		<Unit filename="src/vendor/glm/gtx/vec_swizzle.hpp" />
		<Unit filename="src/vendor/glm/gtx/vector_angle.hpp" />
		<Unit filename="src/vendor/glm/gtx/vector_angle.inl" />
		<Unit filename="src/vendor/glm/gtx/vector_query.hpp" />
		<Unit filename="src/vendor/glm/gtx/vector_query.inl" />
		<Unit filename="src/vendor/glm/gtx/wrap.hpp" />
		<Unit filename="src/vendor/glm/gtx/wrap.inl" />
		<Unit filename="src/vendor/glm/integer.hpp" />
		<Unit filename="src/vendor/glm/mat2x2.hpp" />
		<Unit filename="src/vendor/glm/mat2x3.hpp" />
		<Unit filename="src/vendor/glm/mat2x4.hpp" />
		<Unit filename="src/vendor/glm/mat3x2.hpp" />
		<Unit filename="src/vendor/glm/mat3x3.hpp" />
		<Unit filename="src/vendor/glm/mat3x4.hpp" />
		<Unit filename="src/vendor/glm/mat4x2.hpp" />
		<Unit filename="src/vendor/glm/mat4x3.hpp" />
		<Unit filename="src/vendor/glm/mat4x4.hpp" />
		<Unit filename="src/vendor/glm/matrix.hpp" />
		<Unit filename="src/vendor/glm/packing.hpp" />
		<Unit filename="src/vendor/glm/simd/common.h" />
		<Unit filename="src/vendor/glm/simd/exponential.h" />
		<Unit filename="src/vendor/glm/simd/geometric.h" />
		<Unit filename="src/vendor/glm/simd/integer.h" />
		<Unit filename="src/vendor/glm/simd/matrix.h" />
		<Unit filename="src/vendor/glm/simd/neon.h" />
		<Unit filename="src/vendor/glm/simd/packing.h" />
		<Unit filename="src/vendor/glm/simd/platform.h" />
		<Unit filename="src/vendor/glm/simd/trigonometric.h" />
		<Unit filename="src/vendor/glm/simd/vector_relational.h" />
		<Unit filename="src/vendor/glm/trigonometric.hpp" />
		<Unit filename="src/vendor/glm/vec2.hpp" />
		<Unit filename="src/vendor/glm/vec3.hpp" />
		<Unit filename="src/vendor/glm/vec4.hpp" />
		<Unit filename="src/vendor/glm/vector_relational.hpp" />
		<Unit filename="src/vendor/stb/stb_image.cpp" />
		<Unit filename="src/vendor/stb/stb_image.h" />
		<Extensions>
			<lib_finder disable_auto="1" />
		</Extensions>
	</Project>
</CodeBlocks_project_file>
